
Microsoft Visual Studio Solution File, Format Version 12.00
# Visual Studio 14
VisualStudioVersion = 14.0.25420.1
MinimumVisualStudioVersion = 10.0.40219.1
Project("{8BC9CEB8-8B4A-11D0-8D11-00A0C91BC942}") = "Lab2", "Lab2.vcxproj", "{3EC45C14-879E-4C34-9460-67B537EAFA33}"
EndProject
Project("{8BC9CEB8-8B4A-11D0-8D11-00A0C91BC942}") = "Lab2_2", "..\Lab2_2\Lab2_2.vcxproj", "{CEA10398-254B-4C7C-9017-2FBBFB0145F5}"
EndProject
Project("{8BC9CEB8-8B4A-11D0-8D11-00A0C91BC942}") = "Lab2_3", "..\Lab2_3\Lab2_3.vcxproj", "{B913D0CD-69C1-44D0-8F8E-DFF7F16E899F}"
EndProject
Global
	GlobalSection(SolutionConfigurationPlatforms) = preSolution
		Debug|x64 = Debug|x64
		Debug|x86 = Debug|x86
		Release|x64 = Release|x64
		Release|x86 = Release|x86
	EndGlobalSection
	GlobalSection(ProjectConfigurationPlatforms) = postSolution
		{3EC45C14-879E-4C34-9460-67B537EAFA33}.Debug|x64.ActiveCfg = Debug|x64
		{3EC45C14-879E-4C34-9460-67B537EAFA33}.Debug|x64.Build.0 = Debug|x64
		{3EC45C14-879E-4C34-9460-67B537EAFA33}.Debug|x86.ActiveCfg = Debug|Win32
		{3EC45C14-879E-4C34-9460-67B537EAFA33}.Debug|x86.Build.0 = Debug|Win32
		{3EC45C14-879E-4C34-9460-67B537EAFA33}.Release|x64.ActiveCfg = Release|x64
		{3EC45C14-879E-4C34-9460-67B537EAFA33}.Release|x64.Build.0 = Release|x64
		{3EC45C14-879E-4C34-9460-67B537EAFA33}.Release|x86.ActiveCfg = Release|Win32
		{3EC45C14-879E-4C34-9460-67B537EAFA33}.Release|x86.Build.0 = Release|Win32
		{CEA10398-254B-4C7C-9017-2FBBFB0145F5}.Debug|x64.ActiveCfg = Debug|x64
		{CEA10398-254B-4C7C-9017-2FBBFB0145F5}.Debug|x64.Build.0 = Debug|x64
		{CEA10398-254B-4C7C-9017-2FBBFB0145F5}.Debug|x86.ActiveCfg = Debug|Win32
		{CEA10398-254B-4C7C-9017-2FBBFB0145F5}.Debug|x86.Build.0 = Debug|Win32
		{CEA10398-254B-4C7C-9017-2FBBFB0145F5}.Release|x64.ActiveCfg = Release|x64
		{CEA10398-254B-4C7C-9017-2FBBFB0145F5}.Release|x64.Build.0 = Release|x64
		{CEA10398-254B-4C7C-9017-2FBBFB0145F5}.Release|x86.ActiveCfg = Release|Win32
		{CEA10398-254B-4C7C-9017-2FBBFB0145F5}.Release|x86.Build.0 = Release|Win32
		{B913D0CD-69C1-44D0-8F8E-DFF7F16E899F}.Debug|x64.ActiveCfg = Debug|x64
		{B913D0CD-69C1-44D0-8F8E-DFF7F16E899F}.Debug|x64.Build.0 = Debug|x64
		{B913D0CD-69C1-44D0-8F8E-DFF7F16E899F}.Debug|x86.ActiveCfg = Debug|Win32
		{B913D0CD-69C1-44D0-8F8E-DFF7F16E899F}.Debug|x86.Build.0 = Debug|Win32
		{B913D0CD-69C1-44D0-8F8E-DFF7F16E899F}.Release|x64.ActiveCfg = Release|x64
		{B913D0CD-69C1-44D0-8F8E-DFF7F16E899F}.Release|x64.Build.0 = Release|x64
		{B913D0CD-69C1-44D0-8F8E-DFF7F16E899F}.Release|x86.ActiveCfg = Release|Win32
		{B913D0CD-69C1-44D0-8F8E-DFF7F16E899F}.Release|x86.Build.0 = Release|Win32
	EndGlobalSection
	GlobalSection(SolutionProperties) = preSolution
		HideSolutionNode = FALSE
	EndGlobalSection
EndGlobal
