
Microsoft Visual Studio Solution File, Format Version 12.00
# Visual Studio 14
VisualStudioVersion = 14.0.25420.1
MinimumVisualStudioVersion = 10.0.40219.1
Project("{8BC9CEB8-8B4A-11D0-8D11-00A0C91BC942}") = "LAB1_1", "Lab1.vcxproj", "{8F61C332-0920-49A0-9782-B1981DEF3CD2}"
EndProject
Project("{8BC9CEB8-8B4A-11D0-8D11-00A0C91BC942}") = "LAB1_2", "..\LAB1_2\LAB1_2.vcxproj", "{1698B7E4-C8FB-48FC-99F1-A3EAEB7B5111}"
EndProject
Project("{8BC9CEB8-8B4A-11D0-8D11-00A0C91BC942}") = "LAB1_3", "..\LAB1_3\LAB1_3.vcxproj", "{DAC719EE-37E3-48CE-BB1C-4040E5E111E7}"
EndProject
Global
	GlobalSection(SolutionConfigurationPlatforms) = preSolution
		Debug|x64 = Debug|x64
		Debug|x86 = Debug|x86
		Release|x64 = Release|x64
		Release|x86 = Release|x86
	EndGlobalSection
	GlobalSection(ProjectConfigurationPlatforms) = postSolution
		{8F61C332-0920-49A0-9782-B1981DEF3CD2}.Debug|x64.ActiveCfg = Debug|x64
		{8F61C332-0920-49A0-9782-B1981DEF3CD2}.Debug|x64.Build.0 = Debug|x64
		{8F61C332-0920-49A0-9782-B1981DEF3CD2}.Debug|x86.ActiveCfg = Debug|Win32
		{8F61C332-0920-49A0-9782-B1981DEF3CD2}.Debug|x86.Build.0 = Debug|Win32
		{8F61C332-0920-49A0-9782-B1981DEF3CD2}.Release|x64.ActiveCfg = Release|x64
		{8F61C332-0920-49A0-9782-B1981DEF3CD2}.Release|x64.Build.0 = Release|x64
		{8F61C332-0920-49A0-9782-B1981DEF3CD2}.Release|x86.ActiveCfg = Release|Win32
		{8F61C332-0920-49A0-9782-B1981DEF3CD2}.Release|x86.Build.0 = Release|Win32
		{1698B7E4-C8FB-48FC-99F1-A3EAEB7B5111}.Debug|x64.ActiveCfg = Debug|x64
		{1698B7E4-C8FB-48FC-99F1-A3EAEB7B5111}.Debug|x64.Build.0 = Debug|x64
		{1698B7E4-C8FB-48FC-99F1-A3EAEB7B5111}.Debug|x86.ActiveCfg = Debug|Win32
		{1698B7E4-C8FB-48FC-99F1-A3EAEB7B5111}.Debug|x86.Build.0 = Debug|Win32
		{1698B7E4-C8FB-48FC-99F1-A3EAEB7B5111}.Release|x64.ActiveCfg = Release|x64
		{1698B7E4-C8FB-48FC-99F1-A3EAEB7B5111}.Release|x64.Build.0 = Release|x64
		{1698B7E4-C8FB-48FC-99F1-A3EAEB7B5111}.Release|x86.ActiveCfg = Release|Win32
		{1698B7E4-C8FB-48FC-99F1-A3EAEB7B5111}.Release|x86.Build.0 = Release|Win32
		{DAC719EE-37E3-48CE-BB1C-4040E5E111E7}.Debug|x64.ActiveCfg = Debug|x64
		{DAC719EE-37E3-48CE-BB1C-4040E5E111E7}.Debug|x64.Build.0 = Debug|x64
		{DAC719EE-37E3-48CE-BB1C-4040E5E111E7}.Debug|x86.ActiveCfg = Debug|Win32
		{DAC719EE-37E3-48CE-BB1C-4040E5E111E7}.Debug|x86.Build.0 = Debug|Win32
		{DAC719EE-37E3-48CE-BB1C-4040E5E111E7}.Release|x64.ActiveCfg = Release|x64
		{DAC719EE-37E3-48CE-BB1C-4040E5E111E7}.Release|x64.Build.0 = Release|x64
		{DAC719EE-37E3-48CE-BB1C-4040E5E111E7}.Release|x86.ActiveCfg = Release|Win32
		{DAC719EE-37E3-48CE-BB1C-4040E5E111E7}.Release|x86.Build.0 = Release|Win32
	EndGlobalSection
	GlobalSection(SolutionProperties) = preSolution
		HideSolutionNode = FALSE
	EndGlobalSection
EndGlobal
